
Microsoft Visual Studio Solution File, Format Version 12.00
# Visual Studio Version 16
VisualStudioVersion = 25.0.1706.1
MinimumVisualStudioVersion = 10.0.40219.1
Project("{FAE04EC0-301F-11D3-BF4B-00C04F79EFBC}") = "MethodPracticesServices", "MethodPracticesServices\MethodPracticesServices.csproj", "{0739292C-BC97-4A7A-8FDD-76903EE04B4C}"
EndProject
Global
	GlobalSection(SolutionConfigurationPlatforms) = preSolution
		Debug|Any CPU = Debug|Any CPU
		Release|Any CPU = Release|Any CPU
	EndGlobalSection
	GlobalSection(ProjectConfigurationPlatforms) = postSolution
		{0739292C-BC97-4A7A-8FDD-76903EE04B4C}.Debug|Any CPU.ActiveCfg = Debug|Any CPU
		{0739292C-BC97-4A7A-8FDD-76903EE04B4C}.Debug|Any CPU.Build.0 = Debug|Any CPU
		{0739292C-BC97-4A7A-8FDD-76903EE04B4C}.Release|Any CPU.ActiveCfg = Release|Any CPU
		{0739292C-BC97-4A7A-8FDD-76903EE04B4C}.Release|Any CPU.Build.0 = Release|Any CPU
	EndGlobalSection
	GlobalSection(SolutionProperties) = preSolution
		HideSolutionNode = FALSE
	EndGlobalSection
	GlobalSection(ExtensibilityGlobals) = postSolution
		SolutionGuid = {4D8EAB38-71DB-4B26-9953-6D96A4283A0E}
	EndGlobalSection
EndGlobal
